
Microsoft Visual Studio Solution File, Format Version 12.00
# Visual Studio 14
VisualStudioVersion = 14.0.25420.1
MinimumVisualStudioVersion = 10.0.40219.1
Project("{2150E333-8FDC-42A3-9474-1A3956D46DE8}") = "1 - Servicos", "1 - Servicos", "{F2BB32DE-6AE6-4004-87C1-7DCCB6160E11}"
EndProject
Project("{2150E333-8FDC-42A3-9474-1A3956D46DE8}") = "2 - Aplicacao", "2 - Aplicacao", "{967A9E8D-C006-43E6-B63F-436DD748D931}"
EndProject
Project("{2150E333-8FDC-42A3-9474-1A3956D46DE8}") = "3 - Dominio", "3 - Dominio", "{870BB783-DA0B-4059-BF8C-57D6B882AC1D}"
EndProject
Project("{2150E333-8FDC-42A3-9474-1A3956D46DE8}") = "4 - Infra", "4 - Infra", "{8170A9E2-847D-4C3C-967C-10405783B08B}"
EndProject
Project("{FAE04EC0-301F-11D3-BF4B-00C04F79EFBC}") = "ParlamentoApi", "ParlamentoApi\ParlamentoApi.csproj", "{B1B767A5-2069-45C6-9790-B085E86FE6B5}"
EndProject
Project("{FAE04EC0-301F-11D3-BF4B-00C04F79EFBC}") = "ParlamentoAplicacao", "ParlamentoAplicacao\ParlamentoAplicacao.csproj", "{7DCBBB3E-68EA-4677-89F8-4CC7B42D1307}"
EndProject
Project("{FAE04EC0-301F-11D3-BF4B-00C04F79EFBC}") = "ParlamentoDominio", "ParlamentoDominio\ParlamentoDominio.csproj", "{5EA05EA5-FE8E-4057-ADE9-D27AAD179EDB}"
EndProject
Project("{FAE04EC0-301F-11D3-BF4B-00C04F79EFBC}") = "ParlamentoDados", "ParlamentoDados\ParlamentoDados.csproj", "{7356086B-2EF4-4D78-A9A0-3847ADB62A20}"
EndProject
Project("{FAE04EC0-301F-11D3-BF4B-00C04F79EFBC}") = "ParlamentoTransversal", "ParlamentoTransversal\ParlamentoTransversal.csproj", "{735867DC-0A81-460F-87ED-C92C1A79363C}"
EndProject
Project("{2150E333-8FDC-42A3-9474-1A3956D46DE8}") = "0 - Apresentacao", "0 - Apresentacao", "{8327502B-9B88-4B71-A239-E84EF09E95F5}"
EndProject
Project("{FAE04EC0-301F-11D3-BF4B-00C04F79EFBC}") = "ParlamentoMvc", "ParlamentoMvc\ParlamentoMvc.csproj", "{78EF4F1C-92B2-415C-9DBE-797EEFC9E89F}"
EndProject
Project("{FAE04EC0-301F-11D3-BF4B-00C04F79EFBC}") = "ParlamentoTarefas", "ParlamentoTarefas\ParlamentoTarefas.csproj", "{1E01125A-2637-4F0A-8662-952259E046FE}"
EndProject
Global
	GlobalSection(SolutionConfigurationPlatforms) = preSolution
		Debug|Any CPU = Debug|Any CPU
		Release|Any CPU = Release|Any CPU
	EndGlobalSection
	GlobalSection(ProjectConfigurationPlatforms) = postSolution
		{B1B767A5-2069-45C6-9790-B085E86FE6B5}.Debug|Any CPU.ActiveCfg = Debug|Any CPU
		{B1B767A5-2069-45C6-9790-B085E86FE6B5}.Debug|Any CPU.Build.0 = Debug|Any CPU
		{B1B767A5-2069-45C6-9790-B085E86FE6B5}.Release|Any CPU.ActiveCfg = Release|Any CPU
		{B1B767A5-2069-45C6-9790-B085E86FE6B5}.Release|Any CPU.Build.0 = Release|Any CPU
		{7DCBBB3E-68EA-4677-89F8-4CC7B42D1307}.Debug|Any CPU.ActiveCfg = Debug|Any CPU
		{7DCBBB3E-68EA-4677-89F8-4CC7B42D1307}.Debug|Any CPU.Build.0 = Debug|Any CPU
		{7DCBBB3E-68EA-4677-89F8-4CC7B42D1307}.Release|Any CPU.ActiveCfg = Release|Any CPU
		{7DCBBB3E-68EA-4677-89F8-4CC7B42D1307}.Release|Any CPU.Build.0 = Release|Any CPU
		{5EA05EA5-FE8E-4057-ADE9-D27AAD179EDB}.Debug|Any CPU.ActiveCfg = Debug|Any CPU
		{5EA05EA5-FE8E-4057-ADE9-D27AAD179EDB}.Debug|Any CPU.Build.0 = Debug|Any CPU
		{5EA05EA5-FE8E-4057-ADE9-D27AAD179EDB}.Release|Any CPU.ActiveCfg = Release|Any CPU
		{5EA05EA5-FE8E-4057-ADE9-D27AAD179EDB}.Release|Any CPU.Build.0 = Release|Any CPU
		{7356086B-2EF4-4D78-A9A0-3847ADB62A20}.Debug|Any CPU.ActiveCfg = Debug|Any CPU
		{7356086B-2EF4-4D78-A9A0-3847ADB62A20}.Debug|Any CPU.Build.0 = Debug|Any CPU
		{7356086B-2EF4-4D78-A9A0-3847ADB62A20}.Release|Any CPU.ActiveCfg = Release|Any CPU
		{7356086B-2EF4-4D78-A9A0-3847ADB62A20}.Release|Any CPU.Build.0 = Release|Any CPU
		{735867DC-0A81-460F-87ED-C92C1A79363C}.Debug|Any CPU.ActiveCfg = Debug|Any CPU
		{735867DC-0A81-460F-87ED-C92C1A79363C}.Debug|Any CPU.Build.0 = Debug|Any CPU
		{735867DC-0A81-460F-87ED-C92C1A79363C}.Release|Any CPU.ActiveCfg = Release|Any CPU
		{735867DC-0A81-460F-87ED-C92C1A79363C}.Release|Any CPU.Build.0 = Release|Any CPU
		{78EF4F1C-92B2-415C-9DBE-797EEFC9E89F}.Debug|Any CPU.ActiveCfg = Debug|Any CPU
		{78EF4F1C-92B2-415C-9DBE-797EEFC9E89F}.Debug|Any CPU.Build.0 = Debug|Any CPU
		{78EF4F1C-92B2-415C-9DBE-797EEFC9E89F}.Release|Any CPU.ActiveCfg = Release|Any CPU
		{78EF4F1C-92B2-415C-9DBE-797EEFC9E89F}.Release|Any CPU.Build.0 = Release|Any CPU
		{1E01125A-2637-4F0A-8662-952259E046FE}.Debug|Any CPU.ActiveCfg = Debug|Any CPU
		{1E01125A-2637-4F0A-8662-952259E046FE}.Debug|Any CPU.Build.0 = Debug|Any CPU
		{1E01125A-2637-4F0A-8662-952259E046FE}.Release|Any CPU.ActiveCfg = Release|Any CPU
		{1E01125A-2637-4F0A-8662-952259E046FE}.Release|Any CPU.Build.0 = Release|Any CPU
	EndGlobalSection
	GlobalSection(SolutionProperties) = preSolution
		HideSolutionNode = FALSE
	EndGlobalSection
	GlobalSection(NestedProjects) = preSolution
		{B1B767A5-2069-45C6-9790-B085E86FE6B5} = {F2BB32DE-6AE6-4004-87C1-7DCCB6160E11}
		{7DCBBB3E-68EA-4677-89F8-4CC7B42D1307} = {967A9E8D-C006-43E6-B63F-436DD748D931}
		{5EA05EA5-FE8E-4057-ADE9-D27AAD179EDB} = {870BB783-DA0B-4059-BF8C-57D6B882AC1D}
		{7356086B-2EF4-4D78-A9A0-3847ADB62A20} = {8170A9E2-847D-4C3C-967C-10405783B08B}
		{735867DC-0A81-460F-87ED-C92C1A79363C} = {8170A9E2-847D-4C3C-967C-10405783B08B}
		{78EF4F1C-92B2-415C-9DBE-797EEFC9E89F} = {8327502B-9B88-4B71-A239-E84EF09E95F5}
		{1E01125A-2637-4F0A-8662-952259E046FE} = {F2BB32DE-6AE6-4004-87C1-7DCCB6160E11}
	EndGlobalSection
EndGlobal
